
Microsoft Visual Studio Solution File, Format Version 12.00
# Visual Studio 15
VisualStudioVersion = 15.0.28307.705
MinimumVisualStudioVersion = 10.0.40219.1
Project("{FAE04EC0-301F-11D3-BF4B-00C04F79EFBC}") = "Stacks2", "Stacks2\Stacks2.csproj", "{15E54306-BA04-41A8-AFC7-E91FD868349F}"
EndProject
Global
	GlobalSection(SolutionConfigurationPlatforms) = preSolution
		Debug|Any CPU = Debug|Any CPU
		Release|Any CPU = Release|Any CPU
	EndGlobalSection
	GlobalSection(ProjectConfigurationPlatforms) = postSolution
		{15E54306-BA04-41A8-AFC7-E91FD868349F}.Debug|Any CPU.ActiveCfg = Debug|Any CPU
		{15E54306-BA04-41A8-AFC7-E91FD868349F}.Debug|Any CPU.Build.0 = Debug|Any CPU
		{15E54306-BA04-41A8-AFC7-E91FD868349F}.Release|Any CPU.ActiveCfg = Release|Any CPU
		{15E54306-BA04-41A8-AFC7-E91FD868349F}.Release|Any CPU.Build.0 = Release|Any CPU
	EndGlobalSection
	GlobalSection(SolutionProperties) = preSolution
		HideSolutionNode = FALSE
	EndGlobalSection
	GlobalSection(ExtensibilityGlobals) = postSolution
		SolutionGuid = {4C9AA036-91E2-411E-92F6-B0E10471D582}
	EndGlobalSection
EndGlobal
